
Microsoft Visual Studio Solution File, Format Version 12.00
# Visual Studio Version 17
VisualStudioVersion = 17.0.31912.275
MinimumVisualStudioVersion = 10.0.40219.1
Project("{9A19103F-16F7-4668-BE54-9A1E7A4F7556}") = "Blazor.FileUploader.StandAlone.Server", "Blazor.FileUploader.StandAlone\Server\Blazor.FileUploader.StandAlone.Server.csproj", "{328D7A14-2593-4B9F-AD7C-733B1E1C4EAE}"
EndProject
Project("{9A19103F-16F7-4668-BE54-9A1E7A4F7556}") = "Blazor.FileUploader.StandAlone.Client", "Blazor.FileUploader.StandAlone\Client\Blazor.FileUploader.StandAlone.Client.csproj", "{3D7444DF-6EB8-4A2A-852B-935B67016142}"
EndProject
Project("{9A19103F-16F7-4668-BE54-9A1E7A4F7556}") = "Blazor.FileUploader.StandAlone.Shared", "Blazor.FileUploader.StandAlone\Shared\Blazor.FileUploader.StandAlone.Shared.csproj", "{D277C148-A5B9-475E-A3E4-394633764C50}"
EndProject
Project("{FAE04EC0-301F-11D3-BF4B-00C04F79EFBC}") = "Blazor.UserManager", "Blazor.UserManager\Blazor.UserManager.csproj", "{2745281F-750D-4F8E-8875-B6582D192506}"
EndProject
Global
	GlobalSection(SolutionConfigurationPlatforms) = preSolution
		Debug|Any CPU = Debug|Any CPU
		Release|Any CPU = Release|Any CPU
	EndGlobalSection
	GlobalSection(ProjectConfigurationPlatforms) = postSolution
		{328D7A14-2593-4B9F-AD7C-733B1E1C4EAE}.Debug|Any CPU.ActiveCfg = Debug|Any CPU
		{328D7A14-2593-4B9F-AD7C-733B1E1C4EAE}.Debug|Any CPU.Build.0 = Debug|Any CPU
		{328D7A14-2593-4B9F-AD7C-733B1E1C4EAE}.Release|Any CPU.ActiveCfg = Release|Any CPU
		{328D7A14-2593-4B9F-AD7C-733B1E1C4EAE}.Release|Any CPU.Build.0 = Release|Any CPU
		{3D7444DF-6EB8-4A2A-852B-935B67016142}.Debug|Any CPU.ActiveCfg = Debug|Any CPU
		{3D7444DF-6EB8-4A2A-852B-935B67016142}.Debug|Any CPU.Build.0 = Debug|Any CPU
		{3D7444DF-6EB8-4A2A-852B-935B67016142}.Release|Any CPU.ActiveCfg = Release|Any CPU
		{3D7444DF-6EB8-4A2A-852B-935B67016142}.Release|Any CPU.Build.0 = Release|Any CPU
		{D277C148-A5B9-475E-A3E4-394633764C50}.Debug|Any CPU.ActiveCfg = Debug|Any CPU
		{D277C148-A5B9-475E-A3E4-394633764C50}.Debug|Any CPU.Build.0 = Debug|Any CPU
		{D277C148-A5B9-475E-A3E4-394633764C50}.Release|Any CPU.ActiveCfg = Release|Any CPU
		{D277C148-A5B9-475E-A3E4-394633764C50}.Release|Any CPU.Build.0 = Release|Any CPU
		{2745281F-750D-4F8E-8875-B6582D192506}.Debug|Any CPU.ActiveCfg = Debug|Any CPU
		{2745281F-750D-4F8E-8875-B6582D192506}.Debug|Any CPU.Build.0 = Debug|Any CPU
		{2745281F-750D-4F8E-8875-B6582D192506}.Release|Any CPU.ActiveCfg = Release|Any CPU
		{2745281F-750D-4F8E-8875-B6582D192506}.Release|Any CPU.Build.0 = Release|Any CPU
	EndGlobalSection
	GlobalSection(SolutionProperties) = preSolution
		HideSolutionNode = FALSE
	EndGlobalSection
	GlobalSection(ExtensibilityGlobals) = postSolution
		SolutionGuid = {A01052EF-044A-443F-B567-219319322086}
	EndGlobalSection
EndGlobal
